{
  "version": 1,
  "dependencies": {
    ".NETFramework,Version=v4.0": {
      "Microsoft.NETFramework.ReferenceAssemblies": {
        "type": "Direct",
        "requested": "[1.0.3, )",
        "resolved": "1.0.3",
        "contentHash": "vUc9Npcs14QsyOD01tnv/m8sQUnGTGOw1BCmKcv77LBJY7OxhJ+zJF7UD/sCL3lYNFuqmQEVlkfS4Quif6FyYg==",
        "dependencies": {
          "Microsoft.NETFramework.ReferenceAssemblies.net40": "1.0.3"
        }
      },
      "DocumentFormat.OpenXml": {
        "type": "Transitive",
        "resolved": "3.5.1",
        "contentHash": "zxdOf5VVCe/uNklbRhj8dVBzQGj3DoqkUuqOp9cAZVuN8mNYDjof1lvSQA2OQNr8Ptc9d7pbA7Azq/ReaI3FpA==",
        "dependencies": {
          "DocumentFormat.OpenXml.Framework": "3.5.1"
        }
      },
      "DocumentFormat.OpenXml.Framework": {
        "type": "Transitive",
        "resolved": "3.5.1",
        "contentHash": "U5txtc3ORno73xQx9Lf2gWzfaSZnZwKHfLkTAslhlew9lxe5XbUiCt0dY1fHeAf8yRqszUAe5i/+xLC9R/Xfsw=="
      },
      "Microsoft.NETFramework.ReferenceAssemblies.net40": {
        "type": "Transitive",
        "resolved": "1.0.3",
        "contentHash": "3ctXnCpHdoYJNH9ATfXKwckkkdHvHc1Xls12QB9kf1tjh3b+VzxtiwpkZN4GxOawakfH6CJAkqhlDKSiz6Ujbg=="
      },
      "xcelreportengine": {
        "type": "Project",
        "dependencies": {
          "DocumentFormat.OpenXml": "[3.5.1, )"
        }
      }
    },
    ".NETFramework,Version=v4.8": {
      "Microsoft.NET.Test.Sdk": {
        "type": "Direct",
        "requested": "[17.14.1, )",
        "resolved": "17.14.1",
        "contentHash": "HJKqKOE+vshXra2aEHpi2TlxYX7Z9VFYkr+E5rwEvHC8eIXiyO+K9kNm8vmNom3e2rA56WqxU+/N9NJlLGXsJQ==",
        "dependencies": {
          "Microsoft.CodeCoverage": "17.14.1"
        }
      },
      "xunit": {
        "type": "Direct",
        "requested": "[2.5.3, )",
        "resolved": "2.5.3",
        "contentHash": "VxYDiWSwrLxOJ3UEN+ZPrBybB0SFShQ1E6PjT65VdoKCJhorgerFznThjSwawRH/WAip73YnucDVsE8WRj/8KQ==",
        "dependencies": {
          "xunit.analyzers": "1.4.0",
          "xunit.assert": "2.5.3",
          "xunit.core": "[2.5.3]"
        }
      },
      "xunit.runner.visualstudio": {
        "type": "Direct",
        "requested": "[2.5.3, )",
        "resolved": "2.5.3",
        "contentHash": "HFFL6O+QLEOfs555SqHii48ovVa4CqGYanY+B32BjLpPptdE+wEJmCFNXlLHdEOD5LYeayb9EroaUpydGpcybg==",
        "dependencies": {
          "Microsoft.TestPlatform.ObjectModel": "17.7.2"
        }
      },
      "DocumentFormat.OpenXml": {
        "type": "Transitive",
        "resolved": "3.5.1",
        "contentHash": "zxdOf5VVCe/uNklbRhj8dVBzQGj3DoqkUuqOp9cAZVuN8mNYDjof1lvSQA2OQNr8Ptc9d7pbA7Azq/ReaI3FpA==",
        "dependencies": {
          "DocumentFormat.OpenXml.Framework": "3.5.1"
        }
      },
      "DocumentFormat.OpenXml.Framework": {
        "type": "Transitive",
        "resolved": "3.5.1",
        "contentHash": "U5txtc3ORno73xQx9Lf2gWzfaSZnZwKHfLkTAslhlew9lxe5XbUiCt0dY1fHeAf8yRqszUAe5i/+xLC9R/Xfsw=="
      },
      "Microsoft.CodeCoverage": {
        "type": "Transitive",
        "resolved": "17.14.1",
        "contentHash": "pmTrhfFIoplzFVbhVwUquT+77CbGH+h4/3mBpdmIlYtBi9nAB+kKI6dN3A/nV4DFi3wLLx/BlHIPK+MkbQ6Tpg=="
      },
      "Microsoft.TestPlatform.ObjectModel": {
        "type": "Transitive",
        "resolved": "17.7.2",
        "contentHash": "aHzQWgDMVBnk39HhQVmn06w+YxzF1h2V5/M4WgrNQAn7q97GR4Si3vLRTDlmJo9nK/Nknce+H4tXx4gqOKyLeg==",
        "dependencies": {
          "NuGet.Frameworks": "6.5.0",
          "System.Reflection.Metadata": "1.6.0"
        }
      },
      "NuGet.Frameworks": {
        "type": "Transitive",
        "resolved": "6.5.0",
        "contentHash": "QWINE2x3MbTODsWT1Gh71GaGb5icBz4chS8VYvTgsBnsi8esgN6wtHhydd7fvToWECYGq7T4cgBBDiKD/363fg=="
      },
      "System.Collections.Immutable": {
        "type": "Transitive",
        "resolved": "1.5.0",
        "contentHash": "EXKiDFsChZW0RjrZ4FYHu9aW6+P4MCgEDCklsVseRfhoO0F+dXeMSsMRAlVXIo06kGJ/zv+2w1a2uc2+kxxSaQ=="
      },
      "System.Reflection.Metadata": {
        "type": "Transitive",
        "resolved": "1.6.0",
        "contentHash": "COC1aiAJjCoA5GBF+QKL2uLqEBew4JsCkQmoHKbN3TlOZKa2fKLz5CpiRQKDz0RsAOEGsVKqOD5bomsXq/4STQ==",
        "dependencies": {
          "System.Collections.Immutable": "1.5.0"
        }
      },
      "xunit.abstractions": {
        "type": "Transitive",
        "resolved": "2.0.3",
        "contentHash": "pot1I4YOxlWjIb5jmwvvQNbTrZ3lJQ+jUGkGjWE3hEFM0l5gOnBWS+H3qsex68s5cO52g+44vpGzhAt+42vwKg=="
      },
      "xunit.analyzers": {
        "type": "Transitive",
        "resolved": "1.4.0",
        "contentHash": "7ljnTJfFjz5zK+Jf0h2dd2QOSO6UmFizXsojv/x4QX7TU5vEgtKZPk9RvpkiuUqg2bddtNZufBoKQalsi7djfA=="
      },
      "xunit.assert": {
        "type": "Transitive",
        "resolved": "2.5.3",
        "contentHash": "MK3HiBckO3vdxEdUxXZyyRPsBNPsC/nz6y1gj/UZIZkjMnsVQyZPU8yxS/3cjTchYcqskt/nqUOS5wmD8JezdQ=="
      },
      "xunit.core": {
        "type": "Transitive",
        "resolved": "2.5.3",
        "contentHash": "FE8yEEUkoMLd6kOHDXm/QYfX/dYzwc0c+Q4MQon6VGRwFuy6UVGwK/CFA5LEea+ZBEmcco7AEl2q78VjsA0j/w==",
        "dependencies": {
          "xunit.extensibility.core": "[2.5.3]",
          "xunit.extensibility.execution": "[2.5.3]"
        }
      },
      "xunit.extensibility.core": {
        "type": "Transitive",
        "resolved": "2.5.3",
        "contentHash": "IjAQlPeZWXP89pl1EuOG9991GH1qgAL0rQfkmX2UV+PDenbYb7oBnQopL9ujE6YaXxgaQazp7lFjsDyyxD6Mtw==",
        "dependencies": {
          "xunit.abstractions": "2.0.3"
        }
      },
      "xunit.extensibility.execution": {
        "type": "Transitive",
        "resolved": "2.5.3",
        "contentHash": "w9eGCHl+gJj1GzZSf0VTzYPp/gv4fiUDkr+yR7/Wv9/ucO2CHltGg2TnyySLFjzekkjuxVJZUE+tZyDNzryJFw==",
        "dependencies": {
          "xunit.extensibility.core": "[2.5.3]"
        }
      },
      "xcelreportengine": {
        "type": "Project",
        "dependencies": {
          "DocumentFormat.OpenXml": "[3.5.1, )"
        }
      }
    }
  }
}